
Microsoft Visual Studio Solution File, Format Version 12.00
# Visual Studio 15
VisualStudioVersion = 15.0.28307.1169
MinimumVisualStudioVersion = 10.0.40219.1
Project("{FAE04EC0-301F-11D3-BF4B-00C04F79EFBC}") = "Tarea1_CarlosGarita", "Tarea1_CarlosGarita\Tarea1_CarlosGarita.csproj", "{E379B325-740D-4B07-BC0F-56E0D05AFB32}"
EndProject
Global
	GlobalSection(SolutionConfigurationPlatforms) = preSolution
		Debug|Any CPU = Debug|Any CPU
		Release|Any CPU = Release|Any CPU
	EndGlobalSection
	GlobalSection(ProjectConfigurationPlatforms) = postSolution
		{E379B325-740D-4B07-BC0F-56E0D05AFB32}.Debug|Any CPU.ActiveCfg = Debug|Any CPU
		{E379B325-740D-4B07-BC0F-56E0D05AFB32}.Debug|Any CPU.Build.0 = Debug|Any CPU
		{E379B325-740D-4B07-BC0F-56E0D05AFB32}.Release|Any CPU.ActiveCfg = Release|Any CPU
		{E379B325-740D-4B07-BC0F-56E0D05AFB32}.Release|Any CPU.Build.0 = Release|Any CPU
	EndGlobalSection
	GlobalSection(SolutionProperties) = preSolution
		HideSolutionNode = FALSE
	EndGlobalSection
	GlobalSection(ExtensibilityGlobals) = postSolution
		SolutionGuid = {043BCF83-3967-4C0A-AEBF-0DBE04C612DA}
	EndGlobalSection
EndGlobal
